
Microsoft Visual Studio Solution File, Format Version 12.00
# Visual Studio Version 17
VisualStudioVersion = 17.6.33723.286
MinimumVisualStudioVersion = 10.0.40219.1
Project("{FAE04EC0-301F-11D3-BF4B-00C04F79EFBC}") = "ConsoleApp1", "ConsoleApp1\ConsoleApp1.csproj", "{8C7FA0FB-1ECC-4F7F-8943-DC5B43886F1A}"
EndProject
Global
	GlobalSection(SolutionConfigurationPlatforms) = preSolution
		Debug|Any CPU = Debug|Any CPU
		Release|Any CPU = Release|Any CPU
	EndGlobalSection
	GlobalSection(ProjectConfigurationPlatforms) = postSolution
		{8C7FA0FB-1ECC-4F7F-8943-DC5B43886F1A}.Debug|Any CPU.ActiveCfg = Debug|Any CPU
		{8C7FA0FB-1ECC-4F7F-8943-DC5B43886F1A}.Debug|Any CPU.Build.0 = Debug|Any CPU
		{8C7FA0FB-1ECC-4F7F-8943-DC5B43886F1A}.Release|Any CPU.ActiveCfg = Release|Any CPU
		{8C7FA0FB-1ECC-4F7F-8943-DC5B43886F1A}.Release|Any CPU.Build.0 = Release|Any CPU
	EndGlobalSection
	GlobalSection(SolutionProperties) = preSolution
		HideSolutionNode = FALSE
	EndGlobalSection
	GlobalSection(ExtensibilityGlobals) = postSolution
		SolutionGuid = {EF83FFF5-00AC-45ED-80AC-82774BBF166B}
	EndGlobalSection
EndGlobal
