
Microsoft Visual Studio Solution File, Format Version 12.00
# Visual Studio Version 17
VisualStudioVersion = 17.1.32407.343
MinimumVisualStudioVersion = 10.0.40219.1
Project("{FAE04EC0-301F-11D3-BF4B-00C04F79EFBC}") = "DB_Kursovoi_2023", "DB_Kursovoi_2023\DB_Kursovoi_2023.csproj", "{A5A6CB17-C5B2-43CD-8634-42C7C5C63757}"
EndProject
Global
	GlobalSection(SolutionConfigurationPlatforms) = preSolution
		Debug|Any CPU = Debug|Any CPU
		Release|Any CPU = Release|Any CPU
	EndGlobalSection
	GlobalSection(ProjectConfigurationPlatforms) = postSolution
		{A5A6CB17-C5B2-43CD-8634-42C7C5C63757}.Debug|Any CPU.ActiveCfg = Debug|Any CPU
		{A5A6CB17-C5B2-43CD-8634-42C7C5C63757}.Debug|Any CPU.Build.0 = Debug|Any CPU
		{A5A6CB17-C5B2-43CD-8634-42C7C5C63757}.Release|Any CPU.ActiveCfg = Release|Any CPU
		{A5A6CB17-C5B2-43CD-8634-42C7C5C63757}.Release|Any CPU.Build.0 = Release|Any CPU
	EndGlobalSection
	GlobalSection(SolutionProperties) = preSolution
		HideSolutionNode = FALSE
	EndGlobalSection
	GlobalSection(ExtensibilityGlobals) = postSolution
		SolutionGuid = {E5F7B93A-EA3C-445B-99A5-721FE08D2F54}
	EndGlobalSection
EndGlobal
